
Microsoft Visual Studio Solution File, Format Version 12.00
# Visual Studio Version 17
VisualStudioVersion = 17.9.34616.47
MinimumVisualStudioVersion = 10.0.40219.1
Project("{FAE04EC0-301F-11D3-BF4B-00C04F79EFBC}") = "ExpenseNavigatorAPI", "ExpenseNavigatorAPI\ExpenseNavigatorAPI.csproj", "{E23ABA9F-55AE-47E2-A822-C0CCDA7FC65F}"
EndProject
Global
	GlobalSection(SolutionConfigurationPlatforms) = preSolution
		Debug|Any CPU = Debug|Any CPU
		Release|Any CPU = Release|Any CPU
	EndGlobalSection
	GlobalSection(ProjectConfigurationPlatforms) = postSolution
		{E23ABA9F-55AE-47E2-A822-C0CCDA7FC65F}.Debug|Any CPU.ActiveCfg = Debug|Any CPU
		{E23ABA9F-55AE-47E2-A822-C0CCDA7FC65F}.Debug|Any CPU.Build.0 = Debug|Any CPU
		{E23ABA9F-55AE-47E2-A822-C0CCDA7FC65F}.Release|Any CPU.ActiveCfg = Release|Any CPU
		{E23ABA9F-55AE-47E2-A822-C0CCDA7FC65F}.Release|Any CPU.Build.0 = Release|Any CPU
	EndGlobalSection
	GlobalSection(SolutionProperties) = preSolution
		HideSolutionNode = FALSE
	EndGlobalSection
	GlobalSection(ExtensibilityGlobals) = postSolution
		SolutionGuid = {18C4119E-E7F5-4147-8B3C-15DEF217F7F7}
	EndGlobalSection
EndGlobal
